
Microsoft Visual Studio Solution File, Format Version 12.00
# Visual Studio Version 17
VisualStudioVersion = 17.3.32825.248
MinimumVisualStudioVersion = 10.0.40219.1
Project("{FAE04EC0-301F-11D3-BF4B-00C04F79EFBC}") = "Monopoly", "Monopoly\Monopoly.csproj", "{9016386B-E83A-44C5-971E-8984D26D1568}"
EndProject
Global
	GlobalSection(SolutionConfigurationPlatforms) = preSolution
		Debug|Any CPU = Debug|Any CPU
		Release|Any CPU = Release|Any CPU
	EndGlobalSection
	GlobalSection(ProjectConfigurationPlatforms) = postSolution
		{9016386B-E83A-44C5-971E-8984D26D1568}.Debug|Any CPU.ActiveCfg = Debug|Any CPU
		{9016386B-E83A-44C5-971E-8984D26D1568}.Debug|Any CPU.Build.0 = Debug|Any CPU
		{9016386B-E83A-44C5-971E-8984D26D1568}.Release|Any CPU.ActiveCfg = Release|Any CPU
		{9016386B-E83A-44C5-971E-8984D26D1568}.Release|Any CPU.Build.0 = Release|Any CPU
	EndGlobalSection
	GlobalSection(SolutionProperties) = preSolution
		HideSolutionNode = FALSE
	EndGlobalSection
	GlobalSection(ExtensibilityGlobals) = postSolution
		SolutionGuid = {0F1ACB37-905F-4677-836B-5F6D6DDEC674}
	EndGlobalSection
EndGlobal
